
Microsoft Visual Studio Solution File, Format Version 12.00
# Visual Studio Version 17
VisualStudioVersion = 17.10.35027.167
MinimumVisualStudioVersion = 10.0.40219.1
Project("{FAE04EC0-301F-11D3-BF4B-00C04F79EFBC}") = "ContactApp", "ContactApp\ContactApp.csproj", "{E0A9934A-71D0-426A-8E3B-28E1301406F2}"
EndProject
Global
	GlobalSection(SolutionConfigurationPlatforms) = preSolution
		Debug|Any CPU = Debug|Any CPU
		Release|Any CPU = Release|Any CPU
	EndGlobalSection
	GlobalSection(ProjectConfigurationPlatforms) = postSolution
		{E0A9934A-71D0-426A-8E3B-28E1301406F2}.Debug|Any CPU.ActiveCfg = Debug|Any CPU
		{E0A9934A-71D0-426A-8E3B-28E1301406F2}.Debug|Any CPU.Build.0 = Debug|Any CPU
		{E0A9934A-71D0-426A-8E3B-28E1301406F2}.Release|Any CPU.ActiveCfg = Release|Any CPU
		{E0A9934A-71D0-426A-8E3B-28E1301406F2}.Release|Any CPU.Build.0 = Release|Any CPU
	EndGlobalSection
	GlobalSection(SolutionProperties) = preSolution
		HideSolutionNode = FALSE
	EndGlobalSection
	GlobalSection(ExtensibilityGlobals) = postSolution
		SolutionGuid = {45501450-2FF8-41B1-8FA9-A7A0843233B3}
	EndGlobalSection
EndGlobal
