
Microsoft Visual Studio Solution File, Format Version 12.00
# Visual Studio Version 17
VisualStudioVersion = 17.10.35013.160
MinimumVisualStudioVersion = 10.0.40219.1
Project("{FAE04EC0-301F-11D3-BF4B-00C04F79EFBC}") = "TypeCasting", "TypeCasting\TypeCasting.csproj", "{8B53F387-25DA-475B-ACCC-6B38907FAF0E}"
EndProject
Global
	GlobalSection(SolutionConfigurationPlatforms) = preSolution
		Debug|Any CPU = Debug|Any CPU
		Release|Any CPU = Release|Any CPU
	EndGlobalSection
	GlobalSection(ProjectConfigurationPlatforms) = postSolution
		{8B53F387-25DA-475B-ACCC-6B38907FAF0E}.Debug|Any CPU.ActiveCfg = Debug|Any CPU
		{8B53F387-25DA-475B-ACCC-6B38907FAF0E}.Debug|Any CPU.Build.0 = Debug|Any CPU
		{8B53F387-25DA-475B-ACCC-6B38907FAF0E}.Release|Any CPU.ActiveCfg = Release|Any CPU
		{8B53F387-25DA-475B-ACCC-6B38907FAF0E}.Release|Any CPU.Build.0 = Release|Any CPU
	EndGlobalSection
	GlobalSection(SolutionProperties) = preSolution
		HideSolutionNode = FALSE
	EndGlobalSection
	GlobalSection(ExtensibilityGlobals) = postSolution
		SolutionGuid = {5D563D38-8F4A-4138-AFA4-A09A15D39078}
	EndGlobalSection
EndGlobal
